// !$*UTF8*$!
{
	archiveVersion = 1;
	classes = {
	};
	objectVersion = 50;
	objects = {

/* Begin PBXBuildFile section */
		D0A598F826566A8E00094B76 /* BitciLoginApp.swift in Sources */ = {isa = PBXBuildFile; fileRef = D0A598F726566A8E00094B76 /* BitciLoginApp.swift */; };
		D0A598FA26566A8E00094B76 /* ContentView.swift in Sources */ = {isa = PBXBuildFile; fileRef = D0A598F926566A8E00094B76 /* ContentView.swift */; };
		D0A598FC26566A8F00094B76 /* Assets.xcassets in Resources */ = {isa = PBXBuildFile; fileRef = D0A598FB26566A8F00094B76 /* Assets.xcassets */; };
		D0A598FF26566A8F00094B76 /* Preview Assets.xcassets in Resources */ = {isa = PBXBuildFile; fileRef = D0A598FE26566A8F00094B76 /* Preview Assets.xcassets */; };
		D0A5990A26566A8F00094B76 /* BitciLoginTests.swift in Sources */ = {isa = PBXBuildFile; fileRef = D0A5990926566A8F00094B76 /* BitciLoginTests.swift */; };
		D0A5991526566A8F00094B76 /* BitciLoginUITests.swift in Sources */ = {isa = PBXBuildFile; fileRef = D0A5991426566A8F00094B76 /* BitciLoginUITests.swift */; };
		D0A5992626566C1500094B76 /* BitciTextFieldComponent.swift in Sources */ = {isa = PBXBuildFile; fileRef = D0A5992526566C1500094B76 /* BitciTextFieldComponent.swift */; };
		D0A5992B2656775000094B76 /* BitciButtonComponent.swift in Sources */ = {isa = PBXBuildFile; fileRef = D0A5992A2656775000094B76 /* BitciButtonComponent.swift */; };
/* End PBXBuildFile section */

/* Begin PBXContainerItemProxy section */
		D0A5990626566A8F00094B76 /* PBXContainerItemProxy */ = {
			isa = PBXContainerItemProxy;
			containerPortal = D0A598EC26566A8E00094B76 /* Project object */;
			proxyType = 1;
			remoteGlobalIDString = D0A598F326566A8E00094B76;
			remoteInfo = BitciLogin;
		};
		D0A5991126566A8F00094B76 /* PBXContainerItemProxy */ = {
			isa = PBXContainerItemProxy;
			containerPortal = D0A598EC26566A8E00094B76 /* Project object */;
			proxyType = 1;
			remoteGlobalIDString = D0A598F326566A8E00094B76;
			remoteInfo = BitciLogin;
		};
/* End PBXContainerItemProxy section */

/* Begin PBXFileReference section */
		D0A598F426566A8E00094B76 /* BitciLogin.app */ = {isa = PBXFileReference; explicitFileType = wrapper.application; includeInIndex = 0; path = BitciLogin.app; sourceTree = BUILT_PRODUCTS_DIR; };
		D0A598F726566A8E00094B76 /* BitciLoginApp.swift */ = {isa = PBXFileReference; lastKnownFileType = sourcecode.swift; path = BitciLoginApp.swift; sourceTree = "<group>"; };
		D0A598F926566A8E00094B76 /* ContentView.swift */ = {isa = PBXFileReference; lastKnownFileType = sourcecode.swift; path = ContentView.swift; sourceTree = "<group>"; };
		D0A598FB26566A8F00094B76 /* Assets.xcassets */ = {isa = PBXFileReference; lastKnownFileType = folder.assetcatalog; path = Assets.xcassets; sourceTree = "<group>"; };
		D0A598FE26566A8F00094B76 /* Preview Assets.xcassets */ = {isa = PBXFileReference; lastKnownFileType = folder.assetcatalog; path = "Preview Assets.xcassets"; sourceTree = "<group>"; };
		D0A5990026566A8F00094B76 /* Info.plist */ = {isa = PBXFileReference; lastKnownFileType = text.plist.xml; path = Info.plist; sourceTree = "<group>"; };
		D0A5990526566A8F00094B76 /* BitciLoginTests.xctest */ = {isa = PBXFileReference; explicitFileType = wrapper.cfbundle; includeInIndex = 0; path = BitciLoginTests.xctest; sourceTree = BUILT_PRODUCTS_DIR; };
		D0A5990926566A8F00094B76 /* BitciLoginTests.swift */ = {isa = PBXFileReference; lastKnownFileType = sourcecode.swift; path = BitciLoginTests.swift; sourceTree = "<group>"; };
		D0A5990B26566A8F00094B76 /* Info.plist */ = {isa = PBXFileReference; lastKnownFileType = text.plist.xml; path = Info.plist; sourceTree = "<group>"; };
		D0A5991026566A8F00094B76 /* BitciLoginUITests.xctest */ = {isa = PBXFileReference; explicitFileType = wrapper.cfbundle; includeInIndex = 0; path = BitciLoginUITests.xctest; sourceTree = BUILT_PRODUCTS_DIR; };
		D0A5991426566A8F00094B76 /* BitciLoginUITests.swift */ = {isa = PBXFileReference; lastKnownFileType = sourcecode.swift; path = BitciLoginUITests.swift; sourceTree = "<group>"; };
		D0A5991626566A8F00094B76 /* Info.plist */ = {isa = PBXFileReference; lastKnownFileType = text.plist.xml; path = Info.plist; sourceTree = "<group>"; };
		D0A5992526566C1500094B76 /* BitciTextFieldComponent.swift */ = {isa = PBXFileReference; lastKnownFileType = sourcecode.swift; path = BitciTextFieldComponent.swift; sourceTree = "<group>"; };
		D0A5992A2656775000094B76 /* BitciButtonComponent.swift */ = {isa = PBXFileReference; lastKnownFileType = sourcecode.swift; path = BitciButtonComponent.swift; sourceTree = "<group>"; };
/* End PBXFileReference section */

/* Begin PBXFrameworksBuildPhase section */
		D0A598F126566A8E00094B76 /* Frameworks */ = {
			isa = PBXFrameworksBuildPhase;
			buildActionMask = 2147483647;
			files = (
			);
			runOnlyForDeploymentPostprocessing = 0;
		};
		D0A5990226566A8F00094B76 /* Frameworks */ = {
			isa = PBXFrameworksBuildPhase;
			buildActionMask = 2147483647;
			files = (
			);
			runOnlyForDeploymentPostprocessing = 0;
		};
		D0A5990D26566A8F00094B76 /* Frameworks */ = {
			isa = PBXFrameworksBuildPhase;
			buildActionMask = 2147483647;
			files = (
			);
			runOnlyForDeploymentPostprocessing = 0;
		};
/* End PBXFrameworksBuildPhase section */

/* Begin PBXGroup section */
		D0A598EB26566A8E00094B76 = {
			isa = PBXGroup;
			children = (
				D0A598F626566A8E00094B76 /* BitciLogin */,
				D0A5990826566A8F00094B76 /* BitciLoginTests */,
				D0A5991326566A8F00094B76 /* BitciLoginUITests */,
				D0A598F526566A8E00094B76 /* Products */,
			);
			sourceTree = "<group>";
		};
		D0A598F526566A8E00094B76 /* Products */ = {
			isa = PBXGroup;
			children = (
				D0A598F426566A8E00094B76 /* BitciLogin.app */,
				D0A5990526566A8F00094B76 /* BitciLoginTests.xctest */,
				D0A5991026566A8F00094B76 /* BitciLoginUITests.xctest */,
			);
			name = Products;
			sourceTree = "<group>";
		};
		D0A598F626566A8E00094B76 /* BitciLogin */ = {
			isa = PBXGroup;
			children = (
				D0A598F726566A8E00094B76 /* BitciLoginApp.swift */,
				D0A598F926566A8E00094B76 /* ContentView.swift */,
				D0A598FB26566A8F00094B76 /* Assets.xcassets */,
				D0A5990026566A8F00094B76 /* Info.plist */,
				D0A598FD26566A8F00094B76 /* Preview Content */,
				D0A5992526566C1500094B76 /* BitciTextFieldComponent.swift */,
				D0A5992A2656775000094B76 /* BitciButtonComponent.swift */,
			);
			path = BitciLogin;
			sourceTree = "<group>";
		};
		D0A598FD26566A8F00094B76 /* Preview Content */ = {
			isa = PBXGroup;
			children = (
				D0A598FE26566A8F00094B76 /* Preview Assets.xcassets */,
			);
			path = "Preview Content";
			sourceTree = "<group>";
		};
		D0A5990826566A8F00094B76 /* BitciLoginTests */ = {
			isa = PBXGroup;
			children = (
				D0A5990926566A8F00094B76 /* BitciLoginTests.swift */,
				D0A5990B26566A8F00094B76 /* Info.plist */,
			);
			path = BitciLoginTests;
			sourceTree = "<group>";
		};
		D0A5991326566A8F00094B76 /* BitciLoginUITests */ = {
			isa = PBXGroup;
			children = (
				D0A5991426566A8F00094B76 /* BitciLoginUITests.swift */,
				D0A5991626566A8F00094B76 /* Info.plist */,
			);
			path = BitciLoginUITests;
			sourceTree = "<group>";
		};
/* End PBXGroup section */

/* Begin PBXNativeTarget section */
		D0A598F326566A8E00094B76 /* BitciLogin */ = {
			isa = PBXNativeTarget;
			buildConfigurationList = D0A5991926566A8F00094B76 /* Build configuration list for PBXNativeTarget "BitciLogin" */;
			buildPhases = (
				D0A598F026566A8E00094B76 /* Sources */,
				D0A598F126566A8E00094B76 /* Frameworks */,
				D0A598F226566A8E00094B76 /* Resources */,
			);
			buildRules = (
			);
			dependencies = (
			);
			name = BitciLogin;
			productName = BitciLogin;
			productReference = D0A598F426566A8E00094B76 /* BitciLogin.app */;
			productType = "com.apple.product-type.application";
		};
		D0A5990426566A8F00094B76 /* BitciLoginTests */ = {
			isa = PBXNativeTarget;
			buildConfigurationList = D0A5991C26566A8F00094B76 /* Build configuration list for PBXNativeTarget "BitciLoginTests" */;
			buildPhases = (
				D0A5990126566A8F00094B76 /* Sources */,
				D0A5990226566A8F00094B76 /* Frameworks */,
				D0A5990326566A8F00094B76 /* Resources */,
			);
			buildRules = (
			);
			dependencies = (
				D0A5990726566A8F00094B76 /* PBXTargetDependency */,
			);
			name = BitciLoginTests;
			productName = BitciLoginTests;
			productReference = D0A5990526566A8F00094B76 /* BitciLoginTests.xctest */;
			productType = "com.apple.product-type.bundle.unit-test";
		};
		D0A5990F26566A8F00094B76 /* BitciLoginUITests */ = {
			isa = PBXNativeTarget;
			buildConfigurationList = D0A5991F26566A8F00094B76 /* Build configuration list for PBXNativeTarget "BitciLoginUITests" */;
			buildPhases = (
				D0A5990C26566A8F00094B76 /* Sources */,
				D0A5990D26566A8F00094B76 /* Frameworks */,
				D0A5990E26566A8F00094B76 /* Resources */,
			);
			buildRules = (
			);
			dependencies = (
				D0A5991226566A8F00094B76 /* PBXTargetDependency */,
			);
			name = BitciLoginUITests;
			productName = BitciLoginUITests;
			productReference = D0A5991026566A8F00094B76 /* BitciLoginUITests.xctest */;
			productType = "com.apple.product-type.bundle.ui-testing";
		};
/* End PBXNativeTarget section */

/* Begin PBXProject section */
		D0A598EC26566A8E00094B76 /* Project object */ = {
			isa = PBXProject;
			attributes = {
				LastSwiftUpdateCheck = 1240;
				LastUpgradeCheck = 1240;
				TargetAttributes = {
					D0A598F326566A8E00094B76 = {
						CreatedOnToolsVersion = 12.4;
					};
					D0A5990426566A8F00094B76 = {
						CreatedOnToolsVersion = 12.4;
						TestTargetID = D0A598F326566A8E00094B76;
					};
					D0A5990F26566A8F00094B76 = {
						CreatedOnToolsVersion = 12.4;
						TestTargetID = D0A598F326566A8E00094B76;
					};
				};
			};
			buildConfigurationList = D0A598EF26566A8E00094B76 /* Build configuration list for PBXProject "BitciLogin" */;
			compatibilityVersion = "Xcode 9.3";
			developmentRegion = en;
			hasScannedForEncodings = 0;
			knownRegions = (
				en,
				Base,
			);
			mainGroup = D0A598EB26566A8E00094B76;
			productRefGroup = D0A598F526566A8E00094B76 /* Products */;
			projectDirPath = "";
			projectRoot = "";
			targets = (
				D0A598F326566A8E00094B76 /* BitciLogin */,
				D0A5990426566A8F00094B76 /* BitciLoginTests */,
				D0A5990F26566A8F00094B76 /* BitciLoginUITests */,
			);
		};
/* End PBXProject section */

/* Begin PBXResourcesBuildPhase section */
		D0A598F226566A8E00094B76 /* Resources */ = {
			isa = PBXResourcesBuildPhase;
			buildActionMask = 2147483647;
			files = (
				D0A598FF26566A8F00094B76 /* Preview Assets.xcassets in Resources */,
				D0A598FC26566A8F00094B76 /* Assets.xcassets in Resources */,
			);
			runOnlyForDeploymentPostprocessing = 0;
		};
		D0A5990326566A8F00094B76 /* Resources */ = {
			isa = PBXResourcesBuildPhase;
			buildActionMask = 2147483647;
			files = (
			);
			runOnlyForDeploymentPostprocessing = 0;
		};
		D0A5990E26566A8F00094B76 /* Resources */ = {
			isa = PBXResourcesBuildPhase;
			buildActionMask = 2147483647;
			files = (
			);
			runOnlyForDeploymentPostprocessing = 0;
		};
/* End PBXResourcesBuildPhase section */

/* Begin PBXSourcesBuildPhase section */
		D0A598F026566A8E00094B76 /* Sources */ = {
			isa = PBXSourcesBuildPhase;
			buildActionMask = 2147483647;
			files = (
				D0A5992626566C1500094B76 /* BitciTextFieldComponent.swift in Sources */,
				D0A598FA26566A8E00094B76 /* ContentView.swift in Sources */,
				D0A598F826566A8E00094B76 /* BitciLoginApp.swift in Sources */,
				D0A5992B2656775000094B76 /* BitciButtonComponent.swift in Sources */,
			);
			runOnlyForDeploymentPostprocessing = 0;
		};
		D0A5990126566A8F00094B76 /* Sources */ = {
			isa = PBXSourcesBuildPhase;
			buildActionMask = 2147483647;
			files = (
				D0A5990A26566A8F00094B76 /* BitciLoginTests.swift in Sources */,
			);
			runOnlyForDeploymentPostprocessing = 0;
		};
		D0A5990C26566A8F00094B76 /* Sources */ = {
			isa = PBXSourcesBuildPhase;
			buildActionMask = 2147483647;
			files = (
				D0A5991526566A8F00094B76 /* BitciLoginUITests.swift in Sources */,
			);
			runOnlyForDeploymentPostprocessing = 0;
		};
/* End PBXSourcesBuildPhase section */

/* Begin PBXTargetDependency section */
		D0A5990726566A8F00094B76 /* PBXTargetDependency */ = {
			isa = PBXTargetDependency;
			target = D0A598F326566A8E00094B76 /* BitciLogin */;
			targetProxy = D0A5990626566A8F00094B76 /* PBXContainerItemProxy */;
		};
		D0A5991226566A8F00094B76 /* PBXTargetDependency */ = {
			isa = PBXTargetDependency;
			target = D0A598F326566A8E00094B76 /* BitciLogin */;
			targetProxy = D0A5991126566A8F00094B76 /* PBXContainerItemProxy */;
		};
/* End PBXTargetDependency section */

/* Begin XCBuildConfiguration section */
		D0A5991726566A8F00094B76 /* Debug */ = {
			isa = XCBuildConfiguration;
			buildSettings = {
				ALWAYS_SEARCH_USER_PATHS = NO;
				CLANG_ANALYZER_NONNULL = YES;
				CLANG_ANALYZER_NUMBER_OBJECT_CONVERSION = YES_AGGRESSIVE;
				CLANG_CXX_LANGUAGE_STANDARD = "gnu++14";
				CLANG_CXX_LIBRARY = "libc++";
				CLANG_ENABLE_MODULES = YES;
				CLANG_ENABLE_OBJC_ARC = YES;
				CLANG_ENABLE_OBJC_WEAK = YES;
				CLANG_WARN_BLOCK_CAPTURE_AUTORELEASING = YES;
				CLANG_WARN_BOOL_CONVERSION = YES;
				CLANG_WARN_COMMA = YES;
				CLANG_WARN_CONSTANT_CONVERSION = YES;
				CLANG_WARN_DEPRECATED_OBJC_IMPLEMENTATIONS = YES;
				CLANG_WARN_DIRECT_OBJC_ISA_USAGE = YES_ERROR;
				CLANG_WARN_DOCUMENTATION_COMMENTS = YES;
				CLANG_WARN_EMPTY_BODY = YES;
				CLANG_WARN_ENUM_CONVERSION = YES;
				CLANG_WARN_INFINITE_RECURSION = YES;
				CLANG_WARN_INT_CONVERSION = YES;
				CLANG_WARN_NON_LITERAL_NULL_CONVERSION = YES;
				CLANG_WARN_OBJC_IMPLICIT_RETAIN_SELF = YES;
				CLANG_WARN_OBJC_LITERAL_CONVERSION = YES;
				CLANG_WARN_OBJC_ROOT_CLASS = YES_ERROR;
				CLANG_WARN_QUOTED_INCLUDE_IN_FRAMEWORK_HEADER = YES;
				CLANG_WARN_RANGE_LOOP_ANALYSIS = YES;
				CLANG_WARN_STRICT_PROTOTYPES = YES;
				CLANG_WARN_SUSPICIOUS_MOVE = YES;
				CLANG_WARN_UNGUARDED_AVAILABILITY = YES_AGGRESSIVE;
				CLANG_WARN_UNREACHABLE_CODE = YES;
				CLANG_WARN__DUPLICATE_METHOD_MATCH = YES;
				COPY_PHASE_STRIP = NO;
				DEBUG_INFORMATION_FORMAT = dwarf;
				ENABLE_STRICT_OBJC_MSGSEND = YES;
				ENABLE_TESTABILITY = YES;
				GCC_C_LANGUAGE_STANDARD = gnu11;
				GCC_DYNAMIC_NO_PIC = NO;
				GCC_NO_COMMON_BLOCKS = YES;
				GCC_OPTIMIZATION_LEVEL = 0;
				GCC_PREPROCESSOR_DEFINITIONS = (
					"DEBUG=1",
					"$(inherited)",
				);
				GCC_WARN_64_TO_32_BIT_CONVERSION = YES;
				GCC_WARN_ABOUT_RETURN_TYPE = YES_ERROR;
				GCC_WARN_UNDECLARED_SELECTOR = YES;
				GCC_WARN_UNINITIALIZED_AUTOS = YES_AGGRESSIVE;
				GCC_WARN_UNUSED_FUNCTION = YES;
				GCC_WARN_UNUSED_VARIABLE = YES;
				IPHONEOS_DEPLOYMENT_TARGET = 14.4;
				MTL_ENABLE_DEBUG_INFO = INCLUDE_SOURCE;
				MTL_FAST_MATH = YES;
				ONLY_ACTIVE_ARCH = YES;
				SDKROOT = iphoneos;
				SWIFT_ACTIVE_COMPILATION_CONDITIONS = DEBUG;
				SWIFT_OPTIMIZATION_LEVEL = "-Onone";
			};
			name = Debug;
		};
		D0A5991826566A8F00094B76 /* Release */ = {
			isa = XCBuildConfiguration;
			buildSettings = {
				ALWAYS_SEARCH_USER_PATHS = NO;
				CLANG_ANALYZER_NONNULL = YES;
				CLANG_ANALYZER_NUMBER_OBJECT_CONVERSION = YES_AGGRESSIVE;
				CLANG_CXX_LANGUAGE_STANDARD = "gnu++14";
				CLANG_CXX_LIBRARY = "libc++";
				CLANG_ENABLE_MODULES = YES;
				CLANG_ENABLE_OBJC_ARC = YES;
				CLANG_ENABLE_OBJC_WEAK = YES;
				CLANG_WARN_BLOCK_CAPTURE_AUTORELEASING = YES;
				CLANG_WARN_BOOL_CONVERSION = YES;
				CLANG_WARN_COMMA = YES;
				CLANG_WARN_CONSTANT_CONVERSION = YES;
				CLANG_WARN_DEPRECATED_OBJC_IMPLEMENTATIONS = YES;
				CLANG_WARN_DIRECT_OBJC_ISA_USAGE = YES_ERROR;
				CLANG_WARN_DOCUMENTATION_COMMENTS = YES;
				CLANG_WARN_EMPTY_BODY = YES;
				CLANG_WARN_ENUM_CONVERSION = YES;
				CLANG_WARN_INFINITE_RECURSION = YES;
				CLANG_WARN_INT_CONVERSION = YES;
				CLANG_WARN_NON_LITERAL_NULL_CONVERSION = YES;
				CLANG_WARN_OBJC_IMPLICIT_RETAIN_SELF = YES;
				CLANG_WARN_OBJC_LITERAL_CONVERSION = YES;
				CLANG_WARN_OBJC_ROOT_CLASS = YES_ERROR;
				CLANG_WARN_QUOTED_INCLUDE_IN_FRAMEWORK_HEADER = YES;
				CLANG_WARN_RANGE_LOOP_ANALYSIS = YES;
				CLANG_WARN_STRICT_PROTOTYPES = YES;
				CLANG_WARN_SUSPICIOUS_MOVE = YES;
				CLANG_WARN_UNGUARDED_AVAILABILITY = YES_AGGRESSIVE;
				CLANG_WARN_UNREACHABLE_CODE = YES;
				CLANG_WARN__DUPLICATE_METHOD_MATCH = YES;
				COPY_PHASE_STRIP = NO;
				DEBUG_INFORMATION_FORMAT = "dwarf-with-dsym";
				ENABLE_NS_ASSERTIONS = NO;
				ENABLE_STRICT_OBJC_MSGSEND = YES;
				GCC_C_LANGUAGE_STANDARD = gnu11;
				GCC_NO_COMMON_BLOCKS = YES;
				GCC_WARN_64_TO_32_BIT_CONVERSION = YES;
				GCC_WARN_ABOUT_RETURN_TYPE = YES_ERROR;
				GCC_WARN_UNDECLARED_SELECTOR = YES;
				GCC_WARN_UNINITIALIZED_AUTOS = YES_AGGRESSIVE;
				GCC_WARN_UNUSED_FUNCTION = YES;
				GCC_WARN_UNUSED_VARIABLE = YES;
				IPHONEOS_DEPLOYMENT_TARGET = 14.4;
				MTL_ENABLE_DEBUG_INFO = NO;
				MTL_FAST_MATH = YES;
				SDKROOT = iphoneos;
				SWIFT_COMPILATION_MODE = wholemodule;
				SWIFT_OPTIMIZATION_LEVEL = "-O";
				VALIDATE_PRODUCT = YES;
			};
			name = Release;
		};
		D0A5991A26566A8F00094B76 /* Debug */ = {
			isa = XCBuildConfiguration;
			buildSettings = {
				ASSETCATALOG_COMPILER_APPICON_NAME = AppIcon;
				ASSETCATALOG_COMPILER_GLOBAL_ACCENT_COLOR_NAME = AccentColor;
				CODE_SIGN_STYLE = Automatic;
				DEVELOPMENT_ASSET_PATHS = "\"BitciLogin/Preview Content\"";
				ENABLE_PREVIEWS = YES;
				INFOPLIST_FILE = BitciLogin/Info.plist;
				IPHONEOS_DEPLOYMENT_TARGET = 14.0;
				LD_RUNPATH_SEARCH_PATHS = (
					"$(inherited)",
					"@executable_path/Frameworks",
				);
				PRODUCT_BUNDLE_IDENTIFIER = bitci.BitciLogin;
				PRODUCT_NAME = "$(TARGET_NAME)";
				SWIFT_VERSION = 5.0;
				TARGETED_DEVICE_FAMILY = "1,2";
			};
			name = Debug;
		};
		D0A5991B26566A8F00094B76 /* Release */ = {
			isa = XCBuildConfiguration;
			buildSettings = {
				ASSETCATALOG_COMPILER_APPICON_NAME = AppIcon;
				ASSETCATALOG_COMPILER_GLOBAL_ACCENT_COLOR_NAME = AccentColor;
				CODE_SIGN_STYLE = Automatic;
				DEVELOPMENT_ASSET_PATHS = "\"BitciLogin/Preview Content\"";
				ENABLE_PREVIEWS = YES;
				INFOPLIST_FILE = BitciLogin/Info.plist;
				IPHONEOS_DEPLOYMENT_TARGET = 14.0;
				LD_RUNPATH_SEARCH_PATHS = (
					"$(inherited)",
					"@executable_path/Frameworks",
				);
				PRODUCT_BUNDLE_IDENTIFIER = bitci.BitciLogin;
				PRODUCT_NAME = "$(TARGET_NAME)";
				SWIFT_VERSION = 5.0;
				TARGETED_DEVICE_FAMILY = "1,2";
			};
			name = Release;
		};
		D0A5991D26566A8F00094B76 /* Debug */ = {
			isa = XCBuildConfiguration;
			buildSettings = {
				ALWAYS_EMBED_SWIFT_STANDARD_LIBRARIES = YES;
				BUNDLE_LOADER = "$(TEST_HOST)";
				CODE_SIGN_STYLE = Automatic;
				INFOPLIST_FILE = BitciLoginTests/Info.plist;
				IPHONEOS_DEPLOYMENT_TARGET = 14.0;
				LD_RUNPATH_SEARCH_PATHS = (
					"$(inherited)",
					"@executable_path/Frameworks",
					"@loader_path/Frameworks",
				);
				PRODUCT_BUNDLE_IDENTIFIER = bitci.BitciLoginTests;
				PRODUCT_NAME = "$(TARGET_NAME)";
				SWIFT_VERSION = 5.0;
				TARGETED_DEVICE_FAMILY = "1,2";
				TEST_HOST = "$(BUILT_PRODUCTS_DIR)/BitciLogin.app/BitciLogin";
			};
			name = Debug;
		};
		D0A5991E26566A8F00094B76 /* Release */ = {
			isa = XCBuildConfiguration;
			buildSettings = {
				ALWAYS_EMBED_SWIFT_STANDARD_LIBRARIES = YES;
				BUNDLE_LOADER = "$(TEST_HOST)";
				CODE_SIGN_STYLE = Automatic;
				INFOPLIST_FILE = BitciLoginTests/Info.plist;
				IPHONEOS_DEPLOYMENT_TARGET = 14.0;
				LD_RUNPATH_SEARCH_PATHS = (
					"$(inherited)",
					"@executable_path/Frameworks",
					"@loader_path/Frameworks",
				);
				PRODUCT_BUNDLE_IDENTIFIER = bitci.BitciLoginTests;
				PRODUCT_NAME = "$(TARGET_NAME)";
				SWIFT_VERSION = 5.0;
				TARGETED_DEVICE_FAMILY = "1,2";
				TEST_HOST = "$(BUILT_PRODUCTS_DIR)/BitciLogin.app/BitciLogin";
			};
			name = Release;
		};
		D0A5992026566A8F00094B76 /* Debug */ = {
			isa = XCBuildConfiguration;
			buildSettings = {
				ALWAYS_EMBED_SWIFT_STANDARD_LIBRARIES = YES;
				CODE_SIGN_STYLE = Automatic;
				INFOPLIST_FILE = BitciLoginUITests/Info.plist;
				LD_RUNPATH_SEARCH_PATHS = (
					"$(inherited)",
					"@executable_path/Frameworks",
					"@loader_path/Frameworks",
				);
				PRODUCT_BUNDLE_IDENTIFIER = bitci.BitciLoginUITests;
				PRODUCT_NAME = "$(TARGET_NAME)";
				SWIFT_VERSION = 5.0;
				TARGETED_DEVICE_FAMILY = "1,2";
				TEST_TARGET_NAME = BitciLogin;
			};
			name = Debug;
		};
		D0A5992126566A8F00094B76 /* Release */ = {
			isa = XCBuildConfiguration;
			buildSettings = {
				ALWAYS_EMBED_SWIFT_STANDARD_LIBRARIES = YES;
				CODE_SIGN_STYLE = Automatic;
				INFOPLIST_FILE = BitciLoginUITests/Info.plist;
				LD_RUNPATH_SEARCH_PATHS = (
					"$(inherited)",
					"@executable_path/Frameworks",
					"@loader_path/Frameworks",
				);
				PRODUCT_BUNDLE_IDENTIFIER = bitci.BitciLoginUITests;
				PRODUCT_NAME = "$(TARGET_NAME)";
				SWIFT_VERSION = 5.0;
				TARGETED_DEVICE_FAMILY = "1,2";
				TEST_TARGET_NAME = BitciLogin;
			};
			name = Release;
		};
/* End XCBuildConfiguration section */

/* Begin XCConfigurationList section */
		D0A598EF26566A8E00094B76 /* Build configuration list for PBXProject "BitciLogin" */ = {
			isa = XCConfigurationList;
			buildConfigurations = (
				D0A5991726566A8F00094B76 /* Debug */,
				D0A5991826566A8F00094B76 /* Release */,
			);
			defaultConfigurationIsVisible = 0;
			defaultConfigurationName = Release;
		};
		D0A5991926566A8F00094B76 /* Build configuration list for PBXNativeTarget "BitciLogin" */ = {
			isa = XCConfigurationList;
			buildConfigurations = (
				D0A5991A26566A8F00094B76 /* Debug */,
				D0A5991B26566A8F00094B76 /* Release */,
			);
			defaultConfigurationIsVisible = 0;
			defaultConfigurationName = Release;
		};
		D0A5991C26566A8F00094B76 /* Build configuration list for PBXNativeTarget "BitciLoginTests" */ = {
			isa = XCConfigurationList;
			buildConfigurations = (
				D0A5991D26566A8F00094B76 /* Debug */,
				D0A5991E26566A8F00094B76 /* Release */,
			);
			defaultConfigurationIsVisible = 0;
			defaultConfigurationName = Release;
		};
		D0A5991F26566A8F00094B76 /* Build configuration list for PBXNativeTarget "BitciLoginUITests" */ = {
			isa = XCConfigurationList;
			buildConfigurations = (
				D0A5992026566A8F00094B76 /* Debug */,
				D0A5992126566A8F00094B76 /* Release */,
			);
			defaultConfigurationIsVisible = 0;
			defaultConfigurationName = Release;
		};
/* End XCConfigurationList section */
	};
	rootObject = D0A598EC26566A8E00094B76 /* Project object */;
}
